
Microsoft Visual Studio Solution File, Format Version 12.00
# Visual Studio Version 16
VisualStudioVersion = 16.0.31019.35
MinimumVisualStudioVersion = 10.0.40219.1
Project("{FAE04EC0-301F-11D3-BF4B-00C04F79EFBC}") = "Video Party", "Video Party\Video Party.csproj", "{E0447C38-1BF9-4D77-96AF-9DC71EC57A1F}"
EndProject
Project("{2150E333-8FDC-42A3-9474-1A3956D46DE8}") = "Solution Items", "Solution Items", "{F1C43200-4844-4785-9848-9B41607282AD}"
	ProjectSection(SolutionItems) = preProject
		README.md = README.md
	EndProjectSection
EndProject
Global
	GlobalSection(SolutionConfigurationPlatforms) = preSolution
		Debug|Any CPU = Debug|Any CPU
		Release|Any CPU = Release|Any CPU
	EndGlobalSection
	GlobalSection(ProjectConfigurationPlatforms) = postSolution
		{E0447C38-1BF9-4D77-96AF-9DC71EC57A1F}.Debug|Any CPU.ActiveCfg = Debug|Any CPU
		{E0447C38-1BF9-4D77-96AF-9DC71EC57A1F}.Debug|Any CPU.Build.0 = Debug|Any CPU
		{E0447C38-1BF9-4D77-96AF-9DC71EC57A1F}.Release|Any CPU.ActiveCfg = Release|Any CPU
		{E0447C38-1BF9-4D77-96AF-9DC71EC57A1F}.Release|Any CPU.Build.0 = Release|Any CPU
	EndGlobalSection
	GlobalSection(SolutionProperties) = preSolution
		HideSolutionNode = FALSE
	EndGlobalSection
	GlobalSection(ExtensibilityGlobals) = postSolution
		SolutionGuid = {AA01D278-0E10-4E64-8701-6CC313BC5101}
	EndGlobalSection
EndGlobal
